{
  "nodes": {
    "argononed": {
      "flake": false,
      "locked": {
        "lastModified": 1670634284,
        "narHash": "sha256-I4YlGjb69ghrxRb2SDL4mje/bevdvFJZ/VArNFhK7yI=",
        "owner": "DarkElvenAngel",
        "repo": "argononed",
        "rev": "7629b06b65797e9e35cf0379fe423b7cf12a375b",
        "type": "gitlab"
      },
      "original": {
        "owner": "DarkElvenAngel",
        "ref": "master",
        "repo": "argononed",
        "type": "gitlab"
      }
    },
    "deploy-rs": {
      "inputs": {
        "flake-compat": "flake-compat",
        "nixpkgs": [
          "nixpkgs"
        ],
        "utils": "utils"
      },
      "locked": {
        "lastModified": 1674127017,
        "narHash": "sha256-QO1xF7stu5ZMDLbHN30LFolMAwY6TVlzYvQoUs1RD68=",
        "owner": "serokell",
        "repo": "deploy-rs",
        "rev": "8c9ea9605eed20528bf60fae35a2b613b901fd77",
        "type": "github"
      },
      "original": {
        "owner": "serokell",
        "repo": "deploy-rs",
        "type": "github"
      }
    },
    "flake-compat": {
      "flake": false,
      "locked": {
        "lastModified": 1668681692,
        "narHash": "sha256-Ht91NGdewz8IQLtWZ9LCeNXMSXHUss+9COoqu6JLmXU=",
        "owner": "edolstra",
        "repo": "flake-compat",
        "rev": "009399224d5e398d03b22badca40a37ac85412a1",
        "type": "github"
      },
      "original": {
        "owner": "edolstra",
        "repo": "flake-compat",
        "type": "github"
      }
    },
    "flake-compat_2": {
      "flake": false,
      "locked": {
        "lastModified": 1673956053,
        "narHash": "sha256-4gtG9iQuiKITOjNQQeQIpoIB6b16fm+504Ch3sNKLd8=",
        "owner": "edolstra",
        "repo": "flake-compat",
        "rev": "35bb57c0c8d8b62bbfd284272c928ceb64ddbde9",
        "type": "github"
      },
      "original": {
        "owner": "edolstra",
        "repo": "flake-compat",
        "type": "github"
      }
    },
    "flake-utils": {
      "locked": {
        "lastModified": 1676283394,
        "narHash": "sha256-XX2f9c3iySLCw54rJ/CZs+ZK6IQy7GXNY4nSOyu2QG4=",
        "owner": "numtide",
        "repo": "flake-utils",
        "rev": "3db36a8b464d0c4532ba1c7dda728f4576d6d073",
        "type": "github"
      },
      "original": {
        "owner": "numtide",
        "repo": "flake-utils",
        "type": "github"
      }
    },
    "home-manager": {
      "inputs": {
        "nixpkgs": [
          "nixpkgs"
        ],
        "utils": "utils_2"
      },
      "locked": {
        "lastModified": 1679480702,
        "narHash": "sha256-npuRD61YmxUPitI1TqKwlxLrU6iGl5E+BPT196LgUDo=",
        "owner": "nix-community",
        "repo": "home-manager",
        "rev": "363c46b2480f1b73ec37cf68caac61f5daa82a2e",
        "type": "github"
      },
      "original": {
        "owner": "nix-community",
        "ref": "master",
        "repo": "home-manager",
        "type": "github"
      }
    },
    "impermanence": {
      "locked": {
        "lastModified": 1675359654,
        "narHash": "sha256-FPxzuvJkcO49g4zkWLSeuZkln54bLoTtrggZDJBH90I=",
        "owner": "nix-community",
        "repo": "impermanence",
        "rev": "6138eb8e737bffabd4c8fc78ae015d4fd6a7e2fd",
        "type": "github"
      },
      "original": {
        "owner": "nix-community",
        "repo": "impermanence",
        "type": "github"
      }
    },
    "nixpkgs": {
      "locked": {
        "lastModified": 1679437018,
        "narHash": "sha256-vOuiDPLHSEo/7NkiWtxpHpHgoXoNmrm+wkXZ6a072Fc=",
        "owner": "NixOS",
        "repo": "nixpkgs",
        "rev": "19cf008bb18e47b6e3b4e16e32a9a4bdd4b45f7e",
        "type": "github"
      },
      "original": {
        "owner": "NixOS",
        "ref": "nixos-unstable",
        "repo": "nixpkgs",
        "type": "github"
      }
    },
    "nixos-hardware": {
      "locked": {
        "lastModified": 1679598117,
        "narHash": "sha256-Vs1f/7imI77OkMOQhO3xgx4jalN2Gx3D3C2wmnlpWJM=",
        "owner": "NixOS",
        "repo": "nixos-hardware",
        "rev": "648021dcb2b65498eed3ea3a7339cdfc3bea4d82",
        "type": "github"
      },
      "original": {
        "owner": "NixOS",
        "ref": "master",
        "repo": "nixos-hardware",
        "type": "github"
      }
    },
    "nixos-wsl": {
      "inputs": {
        "flake-compat": "flake-compat_3",
        "flake-utils": "flake-utils",
        "nixpkgs": [
          "nixpkgs"
        ]
      },
      "locked": {
        "lastModified": 1679013700,
        "narHash": "sha256-MOEWKOEaeQvD6ve6vZUvbZhYqdf2nLtqmvGqK+/McKQ=",
        "owner": "nix-community",
        "repo": "NixOS-WSL",
        "rev": "d151883dc0d81cf4b1cffa9cf880db85c76c6040",
        "type": "github"
      },
      "original": {
        "owner": "nix-community",
        "ref": "main",
        "repo": "NixOS-WSL",
        "type": "github"
      }
    },
    "npiperelay": {
      "inputs": {
        "nixpkgs": [
          "nixpkgs"
        ],
        "npiperelay": "npiperelay_2"
      },
      "locked": {
        "lastModified": 1675544194,
        "narHash": "sha256-fj6d7dK32CcwXSRJNbrgND+TVQ2FQxcUvOUwoptQVM0=",
        "owner": "ykis-0-0",
        "repo": "npiperelay.nix",
        "rev": "01b55395b3539da4f3a2d2048ad7fa3dee708b01",
        "type": "github"
      },
      "original": {
        "owner": "ykis-0-0",
        "repo": "npiperelay.nix",
        "type": "github"
      }
    },
    "npiperelay_2": {
      "flake": false,
      "locked": {
        "lastModified": 1675421072,
        "narHash": "sha256-j0Q+tY7N0sftvYebVgycm3SqYqAsQLS4LK9cQxZ381k=",
        "owner": "albertony",
        "repo": "npiperelay",
        "rev": "cb772fa795e17f25fe83bc698a0297d172ea2cf8",
        "type": "github"
      },
      "original": {
        "owner": "albertony",
        "ref": "fork",
        "repo": "npiperelay",
        "type": "github"
      }
    },
    "root": {
      "inputs": {
        "argononed": "argononed",
        "deploy-rs": "deploy-rs",
        "home-manager": "home-manager",
        "impermanence": "impermanence",
        "nixos-hardware": "nixos-hardware",
        "nixos-wsl": "nixos-wsl",
        "nixpkgs": "nixpkgs",
        "npiperelay": "npiperelay",
        "secret-wrapper": [],
        "vscode-server-patch": "vscode-server-patch"
      }
    },
    "utils": {
      "locked": {
        "lastModified": 1667395993,
        "narHash": "sha256-nuEHfE/LcWyuSWnS8t12N1wc105Qtau+/OdUAjtQ0rA=",
        "owner": "numtide",
        "repo": "flake-utils",
        "rev": "5aed5285a952e0b949eb3ba02c12fa4fcfef535f",
        "type": "github"
      },
      "original": {
        "owner": "numtide",
        "repo": "flake-utils",
        "type": "github"
      }
    },
    "utils_2": {
      "locked": {
        "lastModified": 1676283394,
        "narHash": "sha256-XX2f9c3iySLCw54rJ/CZs+ZK6IQy7GXNY4nSOyu2QG4=",
        "owner": "numtide",
        "repo": "flake-utils",
        "rev": "3db36a8b464d0c4532ba1c7dda728f4576d6d073",
        "type": "github"
      },
      "original": {
        "owner": "numtide",
        "repo": "flake-utils",
        "type": "github"
      }
    },
    "vscode-server-patch": {
      "flake": false,
      "locked": {
        "lastModified": 1676501444,
        "narHash": "sha256-H+uQetkzd5GIga56HmCDwl5eihdQgeN2jVdNrkXzDyo=",
        "owner": "msteen",
        "repo": "nixos-vscode-server",
        "rev": "57f1716bc625d2892579294cc207956679e3d94c",
        "type": "github"
      },
      "original": {
        "owner": "msteen",
        "ref": "master",
        "repo": "nixos-vscode-server",
        "type": "github"
      }
    }
  },
  "root": "root",
  "version": 7
}
